
Microsoft Visual Studio Solution File, Format Version 12.00
# Visual Studio Version 16
VisualStudioVersion = 16.0.31605.320
MinimumVisualStudioVersion = 10.0.40219.1
Project("{2150E333-8FDC-42A3-9474-1A3956D46DE8}") = "ShopManagement", "ShopManagement", "{419B3E7F-D560-4C36-B3D4-59331F64A1EC}"
EndProject
Project("{2150E333-8FDC-42A3-9474-1A3956D46DE8}") = "SM.Domian", "SM.Domian", "{E339E534-A327-4D6D-81BC-1CA85DFA0A7F}"
EndProject
Project("{9A19103F-16F7-4668-BE54-9A1E7A4F7556}") = "ShopManagement.Domain", "ProductManagement.Domain\ShopManagement.Domain.csproj", "{6A34E0BC-5B98-4905-8ABF-14B48A96F7F4}"
EndProject
Project("{9A19103F-16F7-4668-BE54-9A1E7A4F7556}") = "0_FrameWork", "0_FrameWork\0_FrameWork.csproj", "{9DFDBE1F-F28D-442D-81FE-6862BD9F50AF}"
EndProject
Project("{2150E333-8FDC-42A3-9474-1A3956D46DE8}") = "SM.Application", "SM.Application", "{64626F38-91C3-4E9C-BE78-6AE4049A3FB1}"
EndProject
Project("{9A19103F-16F7-4668-BE54-9A1E7A4F7556}") = "Shop.Management.Application.Contract", "CourseGroup.Management.Application.Contract\Shop.Management.Application.Contract.csproj", "{44A47DB1-E46A-431B-9FC6-952C636E0146}"
EndProject
Project("{9A19103F-16F7-4668-BE54-9A1E7A4F7556}") = "ShopManagement.Application", "CourseGroupManagement.Application\ShopManagement.Application.csproj", "{CCFCA922-E4F6-4C0C-9225-065BC036E844}"
EndProject
Project("{2150E333-8FDC-42A3-9474-1A3956D46DE8}") = "SM.Infrastructure", "SM.Infrastructure", "{02B00C90-D3C9-454A-9342-065FFE65EEDD}"
EndProject
Project("{9A19103F-16F7-4668-BE54-9A1E7A4F7556}") = "ShopManagement.Infrastructure.EfCore", "ShopManagement.Infrastructure.EfCore\ShopManagement.Infrastructure.EfCore.csproj", "{0694017E-F36F-4A26-B160-78243177B492}"
EndProject
Project("{9A19103F-16F7-4668-BE54-9A1E7A4F7556}") = "ShopManagement.Configuration", "ShopManagement.Configuration\ShopManagement.Configuration.csproj", "{69DE66A2-D091-4868-A769-CEB7EAD6DEB7}"
EndProject
Project("{9A19103F-16F7-4668-BE54-9A1E7A4F7556}") = "WebHost", "WebHost\WebHost.csproj", "{747CD4E4-A639-41D2-A529-BA94140CEB32}"
EndProject
Project("{9A19103F-16F7-4668-BE54-9A1E7A4F7556}") = "ShiftCoderQuery", "ShiftCoderQuery\ShiftCoderQuery.csproj", "{ED06E43D-6969-42F2-9158-1A039FDE6F7C}"
EndProject
Project("{2150E333-8FDC-42A3-9474-1A3956D46DE8}") = "InventoryManagement", "InventoryManagement", "{220C018D-B151-4E15-BEBF-4518CEE1D32B}"
EndProject
Project("{2150E333-8FDC-42A3-9474-1A3956D46DE8}") = "IM.Domain", "IM.Domain", "{04A7F1EF-74F0-4EBD-B36A-3A284DD8037B}"
EndProject
Project("{2150E333-8FDC-42A3-9474-1A3956D46DE8}") = "IM.Application", "IM.Application", "{0F08C6C2-9BDE-45DB-95AA-98967A13CB19}"
EndProject
Project("{9A19103F-16F7-4668-BE54-9A1E7A4F7556}") = "InventoryManagement.Domain", "InventoryManagement.Domain\InventoryManagement.Domain.csproj", "{4F0A2817-E4BB-482E-B49A-9C33C680B272}"
EndProject
Project("{9A19103F-16F7-4668-BE54-9A1E7A4F7556}") = "InventoryManagement.Application.Contract", "InvnetoryManagement.Application.Contract\InventoryManagement.Application.Contract.csproj", "{33C3F20B-FAA9-4E9A-AAD6-D3007F355CC1}"
EndProject
Project("{9A19103F-16F7-4668-BE54-9A1E7A4F7556}") = "InventoryManagement.Application", "InventoryManagement.Application\InventoryManagement.Application.csproj", "{93FEE7C1-B36C-440F-9722-7868E39F1FBA}"
EndProject
Project("{2150E333-8FDC-42A3-9474-1A3956D46DE8}") = "IM.Infrastracrure", "IM.Infrastracrure", "{3A295424-3390-4FB9-A014-04930F1AEF0D}"
EndProject
Project("{9A19103F-16F7-4668-BE54-9A1E7A4F7556}") = "InventoryManagementInfrastructure.EfCore", "InventoryManagementInfrastructure.EfCore\InventoryManagementInfrastructure.EfCore.csproj", "{8E2E7D2B-3103-49CD-B3F8-FE15FF5E4951}"
EndProject
Project("{9A19103F-16F7-4668-BE54-9A1E7A4F7556}") = "InventoryManagement.Infrastructure", "InventoryManagement.Infrastracture\InventoryManagement.Infrastructure.csproj", "{A3C4F74B-C302-4AA7-91A5-AF27C1FCA881}"
EndProject
Project("{2150E333-8FDC-42A3-9474-1A3956D46DE8}") = "BlogManagement", "BlogManagement", "{E36F39E2-B030-4CDC-BBF2-9DA75BB0FDC0}"
EndProject
Project("{2150E333-8FDC-42A3-9474-1A3956D46DE8}") = "BM.Domain", "BM.Domain", "{0189E06D-2B33-40CB-88CE-D6AB518B5619}"
EndProject
Project("{9A19103F-16F7-4668-BE54-9A1E7A4F7556}") = "BlogManagement.Domain", "ArticleManaagement.Domain\BlogManagement.Domain.csproj", "{608D4AC8-1D48-4B21-BE74-81F8B4C410B0}"
EndProject
Project("{2150E333-8FDC-42A3-9474-1A3956D46DE8}") = "BM.Application", "BM.Application", "{530FDB13-88F8-433A-900F-E6CC455F4FC3}"
EndProject
Project("{9A19103F-16F7-4668-BE54-9A1E7A4F7556}") = "BlogManagement.Application.Contract", "BlogManagement.Application.Contract\BlogManagement.Application.Contract.csproj", "{C4552BC9-D10D-4D64-AFB6-48058D3DCEA2}"
EndProject
Project("{2150E333-8FDC-42A3-9474-1A3956D46DE8}") = "BM.Infrastructure", "BM.Infrastructure", "{2382B21E-A295-4863-8FBE-52F6E85E22A2}"
EndProject
Project("{9A19103F-16F7-4668-BE54-9A1E7A4F7556}") = "BlogManagement.Infrastructure.EfCore", "BlogManagement.Infrastructure.EfCore\BlogManagement.Infrastructure.EfCore.csproj", "{19B13022-7A7B-43DF-9EE9-52056823B530}"
EndProject
Project("{9A19103F-16F7-4668-BE54-9A1E7A4F7556}") = "BlogManagement.Application", "BlogManagement.Application\BlogManagement.Application.csproj", "{B738189E-F118-4DAC-99CB-2DD841D5FD9E}"
EndProject
Project("{9A19103F-16F7-4668-BE54-9A1E7A4F7556}") = "BlogManagement.Infrastructure", "BlogManagement.Infrastructure\BlogManagement.Infrastructure.csproj", "{E02702C6-1290-4502-A0D8-EE9AB297EA8D}"
EndProject
Project("{2150E333-8FDC-42A3-9474-1A3956D46DE8}") = "CommentManagement", "CommentManagement", "{A6CCC7F4-AC24-45A0-94FF-B11779B1EB7C}"
EndProject
Project("{2150E333-8FDC-42A3-9474-1A3956D46DE8}") = "CM.Domain", "CM.Domain", "{9138A1BE-8F09-4D78-B1C6-BA8193D7493B}"
EndProject
Project("{FAE04EC0-301F-11D3-BF4B-00C04F79EFBC}") = "CommentManagement.Domain", "CommentMangement.Domain\CommentManagement.Domain.csproj", "{E8E4EFC3-3333-4094-BF90-6409B61CEC68}"
EndProject
Project("{2150E333-8FDC-42A3-9474-1A3956D46DE8}") = "CM.Application", "CM.Application", "{75044952-BFCF-45B0-9457-08901D8C5954}"
EndProject
Project("{FAE04EC0-301F-11D3-BF4B-00C04F79EFBC}") = "CommentManagement.Application.Contract", "CommnetManagement.Application.Contract\CommentManagement.Application.Contract.csproj", "{02CFBD7F-721E-4EF5-A196-38FEF3D4CBAE}"
EndProject
Project("{2150E333-8FDC-42A3-9474-1A3956D46DE8}") = "CM.Infrastructure", "CM.Infrastructure", "{9F80A867-DB7B-4D04-8210-77D6B9CB1DC6}"
EndProject
Project("{FAE04EC0-301F-11D3-BF4B-00C04F79EFBC}") = "CommentManagement.Infrastructure.EfCore", "CommnetManagement.Infrastructure.EfCore\CommentManagement.Infrastructure.EfCore.csproj", "{AE12B6FD-4382-4F9D-AAA9-2BED26CF242D}"
EndProject
Project("{FAE04EC0-301F-11D3-BF4B-00C04F79EFBC}") = "CommentManagement.Application", "CommentManagement.Application\CommentManagement.Application.csproj", "{1DE2C5E5-B75B-49E9-A24C-50C8EEDD39AE}"
EndProject
Project("{FAE04EC0-301F-11D3-BF4B-00C04F79EFBC}") = "CommentManagement.Infrastructure", "CommentManagement.Infrastructure\CommentManagement.Infrastructure.csproj", "{E0CE4249-5DB4-4F39-8155-BB847A0984A7}"
EndProject
Global
	GlobalSection(SolutionConfigurationPlatforms) = preSolution
		Debug|Any CPU = Debug|Any CPU
		Release|Any CPU = Release|Any CPU
	EndGlobalSection
	GlobalSection(ProjectConfigurationPlatforms) = postSolution
		{6A34E0BC-5B98-4905-8ABF-14B48A96F7F4}.Debug|Any CPU.ActiveCfg = Debug|Any CPU
		{6A34E0BC-5B98-4905-8ABF-14B48A96F7F4}.Debug|Any CPU.Build.0 = Debug|Any CPU
		{6A34E0BC-5B98-4905-8ABF-14B48A96F7F4}.Release|Any CPU.ActiveCfg = Release|Any CPU
		{6A34E0BC-5B98-4905-8ABF-14B48A96F7F4}.Release|Any CPU.Build.0 = Release|Any CPU
		{9DFDBE1F-F28D-442D-81FE-6862BD9F50AF}.Debug|Any CPU.ActiveCfg = Debug|Any CPU
		{9DFDBE1F-F28D-442D-81FE-6862BD9F50AF}.Debug|Any CPU.Build.0 = Debug|Any CPU
		{9DFDBE1F-F28D-442D-81FE-6862BD9F50AF}.Release|Any CPU.ActiveCfg = Release|Any CPU
		{9DFDBE1F-F28D-442D-81FE-6862BD9F50AF}.Release|Any CPU.Build.0 = Release|Any CPU
		{44A47DB1-E46A-431B-9FC6-952C636E0146}.Debug|Any CPU.ActiveCfg = Debug|Any CPU
		{44A47DB1-E46A-431B-9FC6-952C636E0146}.Debug|Any CPU.Build.0 = Debug|Any CPU
		{44A47DB1-E46A-431B-9FC6-952C636E0146}.Release|Any CPU.ActiveCfg = Release|Any CPU
		{44A47DB1-E46A-431B-9FC6-952C636E0146}.Release|Any CPU.Build.0 = Release|Any CPU
		{CCFCA922-E4F6-4C0C-9225-065BC036E844}.Debug|Any CPU.ActiveCfg = Debug|Any CPU
		{CCFCA922-E4F6-4C0C-9225-065BC036E844}.Debug|Any CPU.Build.0 = Debug|Any CPU
		{CCFCA922-E4F6-4C0C-9225-065BC036E844}.Release|Any CPU.ActiveCfg = Release|Any CPU
		{CCFCA922-E4F6-4C0C-9225-065BC036E844}.Release|Any CPU.Build.0 = Release|Any CPU
		{0694017E-F36F-4A26-B160-78243177B492}.Debug|Any CPU.ActiveCfg = Debug|Any CPU
		{0694017E-F36F-4A26-B160-78243177B492}.Debug|Any CPU.Build.0 = Debug|Any CPU
		{0694017E-F36F-4A26-B160-78243177B492}.Release|Any CPU.ActiveCfg = Release|Any CPU
		{0694017E-F36F-4A26-B160-78243177B492}.Release|Any CPU.Build.0 = Release|Any CPU
		{69DE66A2-D091-4868-A769-CEB7EAD6DEB7}.Debug|Any CPU.ActiveCfg = Debug|Any CPU
		{69DE66A2-D091-4868-A769-CEB7EAD6DEB7}.Debug|Any CPU.Build.0 = Debug|Any CPU
		{69DE66A2-D091-4868-A769-CEB7EAD6DEB7}.Release|Any CPU.ActiveCfg = Release|Any CPU
		{69DE66A2-D091-4868-A769-CEB7EAD6DEB7}.Release|Any CPU.Build.0 = Release|Any CPU
		{747CD4E4-A639-41D2-A529-BA94140CEB32}.Debug|Any CPU.ActiveCfg = Debug|Any CPU
		{747CD4E4-A639-41D2-A529-BA94140CEB32}.Debug|Any CPU.Build.0 = Debug|Any CPU
		{747CD4E4-A639-41D2-A529-BA94140CEB32}.Release|Any CPU.ActiveCfg = Release|Any CPU
		{747CD4E4-A639-41D2-A529-BA94140CEB32}.Release|Any CPU.Build.0 = Release|Any CPU
		{ED06E43D-6969-42F2-9158-1A039FDE6F7C}.Debug|Any CPU.ActiveCfg = Debug|Any CPU
		{ED06E43D-6969-42F2-9158-1A039FDE6F7C}.Debug|Any CPU.Build.0 = Debug|Any CPU
		{ED06E43D-6969-42F2-9158-1A039FDE6F7C}.Release|Any CPU.ActiveCfg = Release|Any CPU
		{ED06E43D-6969-42F2-9158-1A039FDE6F7C}.Release|Any CPU.Build.0 = Release|Any CPU
		{4F0A2817-E4BB-482E-B49A-9C33C680B272}.Debug|Any CPU.ActiveCfg = Debug|Any CPU
		{4F0A2817-E4BB-482E-B49A-9C33C680B272}.Debug|Any CPU.Build.0 = Debug|Any CPU
		{4F0A2817-E4BB-482E-B49A-9C33C680B272}.Release|Any CPU.ActiveCfg = Release|Any CPU
		{4F0A2817-E4BB-482E-B49A-9C33C680B272}.Release|Any CPU.Build.0 = Release|Any CPU
		{33C3F20B-FAA9-4E9A-AAD6-D3007F355CC1}.Debug|Any CPU.ActiveCfg = Debug|Any CPU
		{33C3F20B-FAA9-4E9A-AAD6-D3007F355CC1}.Debug|Any CPU.Build.0 = Debug|Any CPU
		{33C3F20B-FAA9-4E9A-AAD6-D3007F355CC1}.Release|Any CPU.ActiveCfg = Release|Any CPU
		{33C3F20B-FAA9-4E9A-AAD6-D3007F355CC1}.Release|Any CPU.Build.0 = Release|Any CPU
		{93FEE7C1-B36C-440F-9722-7868E39F1FBA}.Debug|Any CPU.ActiveCfg = Debug|Any CPU
		{93FEE7C1-B36C-440F-9722-7868E39F1FBA}.Debug|Any CPU.Build.0 = Debug|Any CPU
		{93FEE7C1-B36C-440F-9722-7868E39F1FBA}.Release|Any CPU.ActiveCfg = Release|Any CPU
		{93FEE7C1-B36C-440F-9722-7868E39F1FBA}.Release|Any CPU.Build.0 = Release|Any CPU
		{8E2E7D2B-3103-49CD-B3F8-FE15FF5E4951}.Debug|Any CPU.ActiveCfg = Debug|Any CPU
		{8E2E7D2B-3103-49CD-B3F8-FE15FF5E4951}.Debug|Any CPU.Build.0 = Debug|Any CPU
		{8E2E7D2B-3103-49CD-B3F8-FE15FF5E4951}.Release|Any CPU.ActiveCfg = Release|Any CPU
		{8E2E7D2B-3103-49CD-B3F8-FE15FF5E4951}.Release|Any CPU.Build.0 = Release|Any CPU
		{A3C4F74B-C302-4AA7-91A5-AF27C1FCA881}.Debug|Any CPU.ActiveCfg = Debug|Any CPU
		{A3C4F74B-C302-4AA7-91A5-AF27C1FCA881}.Debug|Any CPU.Build.0 = Debug|Any CPU
		{A3C4F74B-C302-4AA7-91A5-AF27C1FCA881}.Release|Any CPU.ActiveCfg = Release|Any CPU
		{A3C4F74B-C302-4AA7-91A5-AF27C1FCA881}.Release|Any CPU.Build.0 = Release|Any CPU
		{608D4AC8-1D48-4B21-BE74-81F8B4C410B0}.Debug|Any CPU.ActiveCfg = Debug|Any CPU
		{608D4AC8-1D48-4B21-BE74-81F8B4C410B0}.Debug|Any CPU.Build.0 = Debug|Any CPU
		{608D4AC8-1D48-4B21-BE74-81F8B4C410B0}.Release|Any CPU.ActiveCfg = Release|Any CPU
		{608D4AC8-1D48-4B21-BE74-81F8B4C410B0}.Release|Any CPU.Build.0 = Release|Any CPU
		{C4552BC9-D10D-4D64-AFB6-48058D3DCEA2}.Debug|Any CPU.ActiveCfg = Debug|Any CPU
		{C4552BC9-D10D-4D64-AFB6-48058D3DCEA2}.Debug|Any CPU.Build.0 = Debug|Any CPU
		{C4552BC9-D10D-4D64-AFB6-48058D3DCEA2}.Release|Any CPU.ActiveCfg = Release|Any CPU
		{C4552BC9-D10D-4D64-AFB6-48058D3DCEA2}.Release|Any CPU.Build.0 = Release|Any CPU
		{19B13022-7A7B-43DF-9EE9-52056823B530}.Debug|Any CPU.ActiveCfg = Debug|Any CPU
		{19B13022-7A7B-43DF-9EE9-52056823B530}.Debug|Any CPU.Build.0 = Debug|Any CPU
		{19B13022-7A7B-43DF-9EE9-52056823B530}.Release|Any CPU.ActiveCfg = Release|Any CPU
		{19B13022-7A7B-43DF-9EE9-52056823B530}.Release|Any CPU.Build.0 = Release|Any CPU
		{B738189E-F118-4DAC-99CB-2DD841D5FD9E}.Debug|Any CPU.ActiveCfg = Debug|Any CPU
		{B738189E-F118-4DAC-99CB-2DD841D5FD9E}.Debug|Any CPU.Build.0 = Debug|Any CPU
		{B738189E-F118-4DAC-99CB-2DD841D5FD9E}.Release|Any CPU.ActiveCfg = Release|Any CPU
		{B738189E-F118-4DAC-99CB-2DD841D5FD9E}.Release|Any CPU.Build.0 = Release|Any CPU
		{E02702C6-1290-4502-A0D8-EE9AB297EA8D}.Debug|Any CPU.ActiveCfg = Debug|Any CPU
		{E02702C6-1290-4502-A0D8-EE9AB297EA8D}.Debug|Any CPU.Build.0 = Debug|Any CPU
		{E02702C6-1290-4502-A0D8-EE9AB297EA8D}.Release|Any CPU.ActiveCfg = Release|Any CPU
		{E02702C6-1290-4502-A0D8-EE9AB297EA8D}.Release|Any CPU.Build.0 = Release|Any CPU
		{E8E4EFC3-3333-4094-BF90-6409B61CEC68}.Debug|Any CPU.ActiveCfg = Debug|Any CPU
		{E8E4EFC3-3333-4094-BF90-6409B61CEC68}.Debug|Any CPU.Build.0 = Debug|Any CPU
		{E8E4EFC3-3333-4094-BF90-6409B61CEC68}.Release|Any CPU.ActiveCfg = Release|Any CPU
		{E8E4EFC3-3333-4094-BF90-6409B61CEC68}.Release|Any CPU.Build.0 = Release|Any CPU
		{02CFBD7F-721E-4EF5-A196-38FEF3D4CBAE}.Debug|Any CPU.ActiveCfg = Debug|Any CPU
		{02CFBD7F-721E-4EF5-A196-38FEF3D4CBAE}.Debug|Any CPU.Build.0 = Debug|Any CPU
		{02CFBD7F-721E-4EF5-A196-38FEF3D4CBAE}.Release|Any CPU.ActiveCfg = Release|Any CPU
		{02CFBD7F-721E-4EF5-A196-38FEF3D4CBAE}.Release|Any CPU.Build.0 = Release|Any CPU
		{AE12B6FD-4382-4F9D-AAA9-2BED26CF242D}.Debug|Any CPU.ActiveCfg = Debug|Any CPU
		{AE12B6FD-4382-4F9D-AAA9-2BED26CF242D}.Debug|Any CPU.Build.0 = Debug|Any CPU
		{AE12B6FD-4382-4F9D-AAA9-2BED26CF242D}.Release|Any CPU.ActiveCfg = Release|Any CPU
		{AE12B6FD-4382-4F9D-AAA9-2BED26CF242D}.Release|Any CPU.Build.0 = Release|Any CPU
		{1DE2C5E5-B75B-49E9-A24C-50C8EEDD39AE}.Debug|Any CPU.ActiveCfg = Debug|Any CPU
		{1DE2C5E5-B75B-49E9-A24C-50C8EEDD39AE}.Debug|Any CPU.Build.0 = Debug|Any CPU
		{1DE2C5E5-B75B-49E9-A24C-50C8EEDD39AE}.Release|Any CPU.ActiveCfg = Release|Any CPU
		{1DE2C5E5-B75B-49E9-A24C-50C8EEDD39AE}.Release|Any CPU.Build.0 = Release|Any CPU
		{E0CE4249-5DB4-4F39-8155-BB847A0984A7}.Debug|Any CPU.ActiveCfg = Debug|Any CPU
		{E0CE4249-5DB4-4F39-8155-BB847A0984A7}.Debug|Any CPU.Build.0 = Debug|Any CPU
		{E0CE4249-5DB4-4F39-8155-BB847A0984A7}.Release|Any CPU.ActiveCfg = Release|Any CPU
		{E0CE4249-5DB4-4F39-8155-BB847A0984A7}.Release|Any CPU.Build.0 = Release|Any CPU
	EndGlobalSection
	GlobalSection(SolutionProperties) = preSolution
		HideSolutionNode = FALSE
	EndGlobalSection
	GlobalSection(NestedProjects) = preSolution
		{E339E534-A327-4D6D-81BC-1CA85DFA0A7F} = {419B3E7F-D560-4C36-B3D4-59331F64A1EC}
		{6A34E0BC-5B98-4905-8ABF-14B48A96F7F4} = {E339E534-A327-4D6D-81BC-1CA85DFA0A7F}
		{64626F38-91C3-4E9C-BE78-6AE4049A3FB1} = {419B3E7F-D560-4C36-B3D4-59331F64A1EC}
		{44A47DB1-E46A-431B-9FC6-952C636E0146} = {64626F38-91C3-4E9C-BE78-6AE4049A3FB1}
		{CCFCA922-E4F6-4C0C-9225-065BC036E844} = {64626F38-91C3-4E9C-BE78-6AE4049A3FB1}
		{02B00C90-D3C9-454A-9342-065FFE65EEDD} = {419B3E7F-D560-4C36-B3D4-59331F64A1EC}
		{0694017E-F36F-4A26-B160-78243177B492} = {02B00C90-D3C9-454A-9342-065FFE65EEDD}
		{69DE66A2-D091-4868-A769-CEB7EAD6DEB7} = {02B00C90-D3C9-454A-9342-065FFE65EEDD}
		{04A7F1EF-74F0-4EBD-B36A-3A284DD8037B} = {220C018D-B151-4E15-BEBF-4518CEE1D32B}
		{0F08C6C2-9BDE-45DB-95AA-98967A13CB19} = {220C018D-B151-4E15-BEBF-4518CEE1D32B}
		{4F0A2817-E4BB-482E-B49A-9C33C680B272} = {04A7F1EF-74F0-4EBD-B36A-3A284DD8037B}
		{33C3F20B-FAA9-4E9A-AAD6-D3007F355CC1} = {0F08C6C2-9BDE-45DB-95AA-98967A13CB19}
		{93FEE7C1-B36C-440F-9722-7868E39F1FBA} = {0F08C6C2-9BDE-45DB-95AA-98967A13CB19}
		{3A295424-3390-4FB9-A014-04930F1AEF0D} = {220C018D-B151-4E15-BEBF-4518CEE1D32B}
		{8E2E7D2B-3103-49CD-B3F8-FE15FF5E4951} = {3A295424-3390-4FB9-A014-04930F1AEF0D}
		{A3C4F74B-C302-4AA7-91A5-AF27C1FCA881} = {3A295424-3390-4FB9-A014-04930F1AEF0D}
		{0189E06D-2B33-40CB-88CE-D6AB518B5619} = {E36F39E2-B030-4CDC-BBF2-9DA75BB0FDC0}
		{608D4AC8-1D48-4B21-BE74-81F8B4C410B0} = {0189E06D-2B33-40CB-88CE-D6AB518B5619}
		{530FDB13-88F8-433A-900F-E6CC455F4FC3} = {E36F39E2-B030-4CDC-BBF2-9DA75BB0FDC0}
		{C4552BC9-D10D-4D64-AFB6-48058D3DCEA2} = {530FDB13-88F8-433A-900F-E6CC455F4FC3}
		{2382B21E-A295-4863-8FBE-52F6E85E22A2} = {E36F39E2-B030-4CDC-BBF2-9DA75BB0FDC0}
		{19B13022-7A7B-43DF-9EE9-52056823B530} = {2382B21E-A295-4863-8FBE-52F6E85E22A2}
		{B738189E-F118-4DAC-99CB-2DD841D5FD9E} = {530FDB13-88F8-433A-900F-E6CC455F4FC3}
		{E02702C6-1290-4502-A0D8-EE9AB297EA8D} = {2382B21E-A295-4863-8FBE-52F6E85E22A2}
		{9138A1BE-8F09-4D78-B1C6-BA8193D7493B} = {A6CCC7F4-AC24-45A0-94FF-B11779B1EB7C}
		{E8E4EFC3-3333-4094-BF90-6409B61CEC68} = {9138A1BE-8F09-4D78-B1C6-BA8193D7493B}
		{75044952-BFCF-45B0-9457-08901D8C5954} = {A6CCC7F4-AC24-45A0-94FF-B11779B1EB7C}
		{02CFBD7F-721E-4EF5-A196-38FEF3D4CBAE} = {75044952-BFCF-45B0-9457-08901D8C5954}
		{9F80A867-DB7B-4D04-8210-77D6B9CB1DC6} = {A6CCC7F4-AC24-45A0-94FF-B11779B1EB7C}
		{AE12B6FD-4382-4F9D-AAA9-2BED26CF242D} = {9F80A867-DB7B-4D04-8210-77D6B9CB1DC6}
		{1DE2C5E5-B75B-49E9-A24C-50C8EEDD39AE} = {75044952-BFCF-45B0-9457-08901D8C5954}
		{E0CE4249-5DB4-4F39-8155-BB847A0984A7} = {9F80A867-DB7B-4D04-8210-77D6B9CB1DC6}
	EndGlobalSection
	GlobalSection(ExtensibilityGlobals) = postSolution
		SolutionGuid = {0CC85E00-ADC1-46B6-815B-F6EE5A3523DA}
	EndGlobalSection
EndGlobal
