
Microsoft Visual Studio Solution File, Format Version 12.00
# Visual Studio Version 16
VisualStudioVersion = 16.0.31605.320
MinimumVisualStudioVersion = 10.0.40219.1
Project("{2150E333-8FDC-42A3-9474-1A3956D46DE8}") = "ShopManagement", "ShopManagement", "{419B3E7F-D560-4C36-B3D4-59331F64A1EC}"
EndProject
Project("{2150E333-8FDC-42A3-9474-1A3956D46DE8}") = "SM.Domian", "SM.Domian", "{E339E534-A327-4D6D-81BC-1CA85DFA0A7F}"
EndProject
Project("{9A19103F-16F7-4668-BE54-9A1E7A4F7556}") = "ShopManagement.Domain", "ProductManagement.Domain\ShopManagement.Domain.csproj", "{6A34E0BC-5B98-4905-8ABF-14B48A96F7F4}"
EndProject
Project("{9A19103F-16F7-4668-BE54-9A1E7A4F7556}") = "0_FrameWork", "0_FrameWork\0_FrameWork.csproj", "{9DFDBE1F-F28D-442D-81FE-6862BD9F50AF}"
EndProject
Project("{2150E333-8FDC-42A3-9474-1A3956D46DE8}") = "SM.Application", "SM.Application", "{64626F38-91C3-4E9C-BE78-6AE4049A3FB1}"
EndProject
Project("{9A19103F-16F7-4668-BE54-9A1E7A4F7556}") = "Shop.Management.Application.Contract", "CourseGroup.Management.Application.Contract\Shop.Management.Application.Contract.csproj", "{44A47DB1-E46A-431B-9FC6-952C636E0146}"
EndProject
Project("{9A19103F-16F7-4668-BE54-9A1E7A4F7556}") = "ShopManagement.Application", "CourseGroupManagement.Application\ShopManagement.Application.csproj", "{CCFCA922-E4F6-4C0C-9225-065BC036E844}"
EndProject
Project("{2150E333-8FDC-42A3-9474-1A3956D46DE8}") = "SM.Infrastructure", "SM.Infrastructure", "{02B00C90-D3C9-454A-9342-065FFE65EEDD}"
EndProject
Project("{9A19103F-16F7-4668-BE54-9A1E7A4F7556}") = "ShopManagement.Infrastructure.EfCore", "ShopManagement.Infrastructure.EfCore\ShopManagement.Infrastructure.EfCore.csproj", "{0694017E-F36F-4A26-B160-78243177B492}"
EndProject
Project("{9A19103F-16F7-4668-BE54-9A1E7A4F7556}") = "ShopManagement.Configuration", "ShopManagement.Configuration\ShopManagement.Configuration.csproj", "{69DE66A2-D091-4868-A769-CEB7EAD6DEB7}"
EndProject
Project("{9A19103F-16F7-4668-BE54-9A1E7A4F7556}") = "WebHost", "WebHost\WebHost.csproj", "{747CD4E4-A639-41D2-A529-BA94140CEB32}"
EndProject
Project("{FAE04EC0-301F-11D3-BF4B-00C04F79EFBC}") = "ShiftCoderQuery", "ShiftCoderQuery\ShiftCoderQuery.csproj", "{ED06E43D-6969-42F2-9158-1A039FDE6F7C}"
EndProject
Project("{2150E333-8FDC-42A3-9474-1A3956D46DE8}") = "InventoryManagement", "InventoryManagement", "{220C018D-B151-4E15-BEBF-4518CEE1D32B}"
EndProject
Project("{2150E333-8FDC-42A3-9474-1A3956D46DE8}") = "IM.Domain", "IM.Domain", "{04A7F1EF-74F0-4EBD-B36A-3A284DD8037B}"
EndProject
Project("{2150E333-8FDC-42A3-9474-1A3956D46DE8}") = "IM.Application", "IM.Application", "{0F08C6C2-9BDE-45DB-95AA-98967A13CB19}"
EndProject
Project("{FAE04EC0-301F-11D3-BF4B-00C04F79EFBC}") = "InventoryManagement.Domain", "InventoryManagement.Domain\InventoryManagement.Domain.csproj", "{4F0A2817-E4BB-482E-B49A-9C33C680B272}"
EndProject
Project("{FAE04EC0-301F-11D3-BF4B-00C04F79EFBC}") = "InventoryManagement.Application.Contract", "InvnetoryManagement.Application.Contract\InventoryManagement.Application.Contract.csproj", "{33C3F20B-FAA9-4E9A-AAD6-D3007F355CC1}"
EndProject
Project("{FAE04EC0-301F-11D3-BF4B-00C04F79EFBC}") = "InventoryManagement.Application", "InventoryManagement.Application\InventoryManagement.Application.csproj", "{93FEE7C1-B36C-440F-9722-7868E39F1FBA}"
EndProject
Project("{2150E333-8FDC-42A3-9474-1A3956D46DE8}") = "IM.Infrastracrure", "IM.Infrastracrure", "{3A295424-3390-4FB9-A014-04930F1AEF0D}"
EndProject
Project("{FAE04EC0-301F-11D3-BF4B-00C04F79EFBC}") = "InventoryManagementInfrastructure.EfCore", "InventoryManagementInfrastructure.EfCore\InventoryManagementInfrastructure.EfCore.csproj", "{8E2E7D2B-3103-49CD-B3F8-FE15FF5E4951}"
EndProject
Project("{FAE04EC0-301F-11D3-BF4B-00C04F79EFBC}") = "InventoryManagement.Infrastructure", "InventoryManagement.Infrastracture\InventoryManagement.Infrastructure.csproj", "{A3C4F74B-C302-4AA7-91A5-AF27C1FCA881}"
EndProject
Global
	GlobalSection(SolutionConfigurationPlatforms) = preSolution
		Debug|Any CPU = Debug|Any CPU
		Release|Any CPU = Release|Any CPU
	EndGlobalSection
	GlobalSection(ProjectConfigurationPlatforms) = postSolution
		{6A34E0BC-5B98-4905-8ABF-14B48A96F7F4}.Debug|Any CPU.ActiveCfg = Debug|Any CPU
		{6A34E0BC-5B98-4905-8ABF-14B48A96F7F4}.Debug|Any CPU.Build.0 = Debug|Any CPU
		{6A34E0BC-5B98-4905-8ABF-14B48A96F7F4}.Release|Any CPU.ActiveCfg = Release|Any CPU
		{6A34E0BC-5B98-4905-8ABF-14B48A96F7F4}.Release|Any CPU.Build.0 = Release|Any CPU
		{9DFDBE1F-F28D-442D-81FE-6862BD9F50AF}.Debug|Any CPU.ActiveCfg = Debug|Any CPU
		{9DFDBE1F-F28D-442D-81FE-6862BD9F50AF}.Debug|Any CPU.Build.0 = Debug|Any CPU
		{9DFDBE1F-F28D-442D-81FE-6862BD9F50AF}.Release|Any CPU.ActiveCfg = Release|Any CPU
		{9DFDBE1F-F28D-442D-81FE-6862BD9F50AF}.Release|Any CPU.Build.0 = Release|Any CPU
		{44A47DB1-E46A-431B-9FC6-952C636E0146}.Debug|Any CPU.ActiveCfg = Debug|Any CPU
		{44A47DB1-E46A-431B-9FC6-952C636E0146}.Debug|Any CPU.Build.0 = Debug|Any CPU
		{44A47DB1-E46A-431B-9FC6-952C636E0146}.Release|Any CPU.ActiveCfg = Release|Any CPU
		{44A47DB1-E46A-431B-9FC6-952C636E0146}.Release|Any CPU.Build.0 = Release|Any CPU
		{CCFCA922-E4F6-4C0C-9225-065BC036E844}.Debug|Any CPU.ActiveCfg = Debug|Any CPU
		{CCFCA922-E4F6-4C0C-9225-065BC036E844}.Debug|Any CPU.Build.0 = Debug|Any CPU
		{CCFCA922-E4F6-4C0C-9225-065BC036E844}.Release|Any CPU.ActiveCfg = Release|Any CPU
		{CCFCA922-E4F6-4C0C-9225-065BC036E844}.Release|Any CPU.Build.0 = Release|Any CPU
		{0694017E-F36F-4A26-B160-78243177B492}.Debug|Any CPU.ActiveCfg = Debug|Any CPU
		{0694017E-F36F-4A26-B160-78243177B492}.Debug|Any CPU.Build.0 = Debug|Any CPU
		{0694017E-F36F-4A26-B160-78243177B492}.Release|Any CPU.ActiveCfg = Release|Any CPU
		{0694017E-F36F-4A26-B160-78243177B492}.Release|Any CPU.Build.0 = Release|Any CPU
		{69DE66A2-D091-4868-A769-CEB7EAD6DEB7}.Debug|Any CPU.ActiveCfg = Debug|Any CPU
		{69DE66A2-D091-4868-A769-CEB7EAD6DEB7}.Debug|Any CPU.Build.0 = Debug|Any CPU
		{69DE66A2-D091-4868-A769-CEB7EAD6DEB7}.Release|Any CPU.ActiveCfg = Release|Any CPU
		{69DE66A2-D091-4868-A769-CEB7EAD6DEB7}.Release|Any CPU.Build.0 = Release|Any CPU
		{747CD4E4-A639-41D2-A529-BA94140CEB32}.Debug|Any CPU.ActiveCfg = Debug|Any CPU
		{747CD4E4-A639-41D2-A529-BA94140CEB32}.Debug|Any CPU.Build.0 = Debug|Any CPU
		{747CD4E4-A639-41D2-A529-BA94140CEB32}.Release|Any CPU.ActiveCfg = Release|Any CPU
		{747CD4E4-A639-41D2-A529-BA94140CEB32}.Release|Any CPU.Build.0 = Release|Any CPU
		{ED06E43D-6969-42F2-9158-1A039FDE6F7C}.Debug|Any CPU.ActiveCfg = Debug|Any CPU
		{ED06E43D-6969-42F2-9158-1A039FDE6F7C}.Debug|Any CPU.Build.0 = Debug|Any CPU
		{ED06E43D-6969-42F2-9158-1A039FDE6F7C}.Release|Any CPU.ActiveCfg = Release|Any CPU
		{ED06E43D-6969-42F2-9158-1A039FDE6F7C}.Release|Any CPU.Build.0 = Release|Any CPU
		{4F0A2817-E4BB-482E-B49A-9C33C680B272}.Debug|Any CPU.ActiveCfg = Debug|Any CPU
		{4F0A2817-E4BB-482E-B49A-9C33C680B272}.Debug|Any CPU.Build.0 = Debug|Any CPU
		{4F0A2817-E4BB-482E-B49A-9C33C680B272}.Release|Any CPU.ActiveCfg = Release|Any CPU
		{4F0A2817-E4BB-482E-B49A-9C33C680B272}.Release|Any CPU.Build.0 = Release|Any CPU
		{33C3F20B-FAA9-4E9A-AAD6-D3007F355CC1}.Debug|Any CPU.ActiveCfg = Debug|Any CPU
		{33C3F20B-FAA9-4E9A-AAD6-D3007F355CC1}.Debug|Any CPU.Build.0 = Debug|Any CPU
		{33C3F20B-FAA9-4E9A-AAD6-D3007F355CC1}.Release|Any CPU.ActiveCfg = Release|Any CPU
		{33C3F20B-FAA9-4E9A-AAD6-D3007F355CC1}.Release|Any CPU.Build.0 = Release|Any CPU
		{93FEE7C1-B36C-440F-9722-7868E39F1FBA}.Debug|Any CPU.ActiveCfg = Debug|Any CPU
		{93FEE7C1-B36C-440F-9722-7868E39F1FBA}.Debug|Any CPU.Build.0 = Debug|Any CPU
		{93FEE7C1-B36C-440F-9722-7868E39F1FBA}.Release|Any CPU.ActiveCfg = Release|Any CPU
		{93FEE7C1-B36C-440F-9722-7868E39F1FBA}.Release|Any CPU.Build.0 = Release|Any CPU
		{8E2E7D2B-3103-49CD-B3F8-FE15FF5E4951}.Debug|Any CPU.ActiveCfg = Debug|Any CPU
		{8E2E7D2B-3103-49CD-B3F8-FE15FF5E4951}.Debug|Any CPU.Build.0 = Debug|Any CPU
		{8E2E7D2B-3103-49CD-B3F8-FE15FF5E4951}.Release|Any CPU.ActiveCfg = Release|Any CPU
		{8E2E7D2B-3103-49CD-B3F8-FE15FF5E4951}.Release|Any CPU.Build.0 = Release|Any CPU
		{A3C4F74B-C302-4AA7-91A5-AF27C1FCA881}.Debug|Any CPU.ActiveCfg = Debug|Any CPU
		{A3C4F74B-C302-4AA7-91A5-AF27C1FCA881}.Debug|Any CPU.Build.0 = Debug|Any CPU
		{A3C4F74B-C302-4AA7-91A5-AF27C1FCA881}.Release|Any CPU.ActiveCfg = Release|Any CPU
		{A3C4F74B-C302-4AA7-91A5-AF27C1FCA881}.Release|Any CPU.Build.0 = Release|Any CPU
	EndGlobalSection
	GlobalSection(SolutionProperties) = preSolution
		HideSolutionNode = FALSE
	EndGlobalSection
	GlobalSection(NestedProjects) = preSolution
		{E339E534-A327-4D6D-81BC-1CA85DFA0A7F} = {419B3E7F-D560-4C36-B3D4-59331F64A1EC}
		{6A34E0BC-5B98-4905-8ABF-14B48A96F7F4} = {E339E534-A327-4D6D-81BC-1CA85DFA0A7F}
		{64626F38-91C3-4E9C-BE78-6AE4049A3FB1} = {419B3E7F-D560-4C36-B3D4-59331F64A1EC}
		{44A47DB1-E46A-431B-9FC6-952C636E0146} = {64626F38-91C3-4E9C-BE78-6AE4049A3FB1}
		{CCFCA922-E4F6-4C0C-9225-065BC036E844} = {64626F38-91C3-4E9C-BE78-6AE4049A3FB1}
		{02B00C90-D3C9-454A-9342-065FFE65EEDD} = {419B3E7F-D560-4C36-B3D4-59331F64A1EC}
		{0694017E-F36F-4A26-B160-78243177B492} = {02B00C90-D3C9-454A-9342-065FFE65EEDD}
		{69DE66A2-D091-4868-A769-CEB7EAD6DEB7} = {02B00C90-D3C9-454A-9342-065FFE65EEDD}
		{04A7F1EF-74F0-4EBD-B36A-3A284DD8037B} = {220C018D-B151-4E15-BEBF-4518CEE1D32B}
		{0F08C6C2-9BDE-45DB-95AA-98967A13CB19} = {220C018D-B151-4E15-BEBF-4518CEE1D32B}
		{4F0A2817-E4BB-482E-B49A-9C33C680B272} = {04A7F1EF-74F0-4EBD-B36A-3A284DD8037B}
		{33C3F20B-FAA9-4E9A-AAD6-D3007F355CC1} = {0F08C6C2-9BDE-45DB-95AA-98967A13CB19}
		{93FEE7C1-B36C-440F-9722-7868E39F1FBA} = {0F08C6C2-9BDE-45DB-95AA-98967A13CB19}
		{3A295424-3390-4FB9-A014-04930F1AEF0D} = {220C018D-B151-4E15-BEBF-4518CEE1D32B}
		{8E2E7D2B-3103-49CD-B3F8-FE15FF5E4951} = {3A295424-3390-4FB9-A014-04930F1AEF0D}
		{A3C4F74B-C302-4AA7-91A5-AF27C1FCA881} = {3A295424-3390-4FB9-A014-04930F1AEF0D}
	EndGlobalSection
	GlobalSection(ExtensibilityGlobals) = postSolution
		SolutionGuid = {0CC85E00-ADC1-46B6-815B-F6EE5A3523DA}
	EndGlobalSection
EndGlobal
